
Microsoft Visual Studio Solution File, Format Version 12.00
# Visual Studio Version 16
VisualStudioVersion = 16.0.31129.286
MinimumVisualStudioVersion = 10.0.40219.1
Project("{FAE04EC0-301F-11D3-BF4B-00C04F79EFBC}") = "cs-win-fs-watcher", "cs-win-fs-watcher.csproj", "{71CA879F-8B1F-4870-BF9B-26D4BF13B5D5}"
EndProject
Global
	GlobalSection(SolutionConfigurationPlatforms) = preSolution
		Debug|Any CPU = Debug|Any CPU
		Release|Any CPU = Release|Any CPU
	EndGlobalSection
	GlobalSection(ProjectConfigurationPlatforms) = postSolution
		{71CA879F-8B1F-4870-BF9B-26D4BF13B5D5}.Debug|Any CPU.ActiveCfg = Debug|Any CPU
		{71CA879F-8B1F-4870-BF9B-26D4BF13B5D5}.Debug|Any CPU.Build.0 = Debug|Any CPU
		{71CA879F-8B1F-4870-BF9B-26D4BF13B5D5}.Release|Any CPU.ActiveCfg = Release|Any CPU
		{71CA879F-8B1F-4870-BF9B-26D4BF13B5D5}.Release|Any CPU.Build.0 = Release|Any CPU
	EndGlobalSection
	GlobalSection(SolutionProperties) = preSolution
		HideSolutionNode = FALSE
	EndGlobalSection
	GlobalSection(ExtensibilityGlobals) = postSolution
		SolutionGuid = {ED515075-9A8A-480B-9AD9-70A3E0B0B2EC}
	EndGlobalSection
EndGlobal
